// !$*UTF8*$!
{
	archiveVersion = 1;
	classes = {
	};
	objectVersion = 77;
	objects = {

/* Begin PBXContainerItemProxy section */
		6CD79CC72E36488E0029BB9E /* PBXContainerItemProxy */ = {
			isa = PBXContainerItemProxy;
			containerPortal = 6CD79CAD2E36488D0029BB9E /* Project object */;
			proxyType = 1;
			remoteGlobalIDString = 6CD79CB42E36488D0029BB9E;
			remoteInfo = "Midori Desk";
		};
		6CD79CD12E36488E0029BB9E /* PBXContainerItemProxy */ = {
			isa = PBXContainerItemProxy;
			containerPortal = 6CD79CAD2E36488D0029BB9E /* Project object */;
			proxyType = 1;
			remoteGlobalIDString = 6CD79CB42E36488D0029BB9E;
			remoteInfo = "Midori Desk";
		};
/* End PBXContainerItemProxy section */

/* Begin PBXFileReference section */
		6CD79CB52E36488D0029BB9E /* Midori Desk.app */ = {isa = PBXFileReference; explicitFileType = wrapper.application; includeInIndex = 0; path = "Midori Desk.app"; sourceTree = BUILT_PRODUCTS_DIR; };
		6CD79CC62E36488E0029BB9E /* Midori DeskTests.xctest */ = {isa = PBXFileReference; explicitFileType = wrapper.cfbundle; includeInIndex = 0; path = "Midori DeskTests.xctest"; sourceTree = BUILT_PRODUCTS_DIR; };
		6CD79CD02E36488E0029BB9E /* Midori DeskUITests.xctest */ = {isa = PBXFileReference; explicitFileType = wrapper.cfbundle; includeInIndex = 0; path = "Midori DeskUITests.xctest"; sourceTree = BUILT_PRODUCTS_DIR; };
/* End PBXFileReference section */

/* Begin PBXFileSystemSynchronizedRootGroup section */
		6CD79CB72E36488D0029BB9E /* Midori Desk */ = {
			isa = PBXFileSystemSynchronizedRootGroup;
			path = "Midori Desk";
			sourceTree = "<group>";
		};
		6CD79CC92E36488E0029BB9E /* Midori DeskTests */ = {
			isa = PBXFileSystemSynchronizedRootGroup;
			path = "Midori DeskTests";
			sourceTree = "<group>";
		};
		6CD79CD32E36488E0029BB9E /* Midori DeskUITests */ = {
			isa = PBXFileSystemSynchronizedRootGroup;
			path = "Midori DeskUITests";
			sourceTree = "<group>";
		};
/* End PBXFileSystemSynchronizedRootGroup section */

/* Begin PBXFrameworksBuildPhase section */
		6CD79CB22E36488D0029BB9E /* Frameworks */ = {
			isa = PBXFrameworksBuildPhase;
			buildActionMask = 2147483647;
			files = (
			);
			runOnlyForDeploymentPostprocessing = 0;
		};
		6CD79CC32E36488E0029BB9E /* Frameworks */ = {
			isa = PBXFrameworksBuildPhase;
			buildActionMask = 2147483647;
			files = (
			);
			runOnlyForDeploymentPostprocessing = 0;
		};
		6CD79CCD2E36488E0029BB9E /* Frameworks */ = {
			isa = PBXFrameworksBuildPhase;
			buildActionMask = 2147483647;
			files = (
			);
			runOnlyForDeploymentPostprocessing = 0;
		};
/* End PBXFrameworksBuildPhase section */

/* Begin PBXGroup section */
		6CD79CAC2E36488D0029BB9E = {
			isa = PBXGroup;
			children = (
				6CD79CB72E36488D0029BB9E /* Midori Desk */,
				6CD79CC92E36488E0029BB9E /* Midori DeskTests */,
				6CD79CD32E36488E0029BB9E /* Midori DeskUITests */,
				6CD79CB62E36488D0029BB9E /* Products */,
			);
			sourceTree = "<group>";
		};
		6CD79CB62E36488D0029BB9E /* Products */ = {
			isa = PBXGroup;
			children = (
				6CD79CB52E36488D0029BB9E /* Midori Desk.app */,
				6CD79CC62E36488E0029BB9E /* Midori DeskTests.xctest */,
				6CD79CD02E36488E0029BB9E /* Midori DeskUITests.xctest */,
			);
			name = Products;
			sourceTree = "<group>";
		};
/* End PBXGroup section */

/* Begin PBXNativeTarget section */
		6CD79CB42E36488D0029BB9E /* Midori Desk */ = {
			isa = PBXNativeTarget;
			buildConfigurationList = 6CD79CDA2E36488E0029BB9E /* Build configuration list for PBXNativeTarget "Midori Desk" */;
			buildPhases = (
				6CD79CB12E36488D0029BB9E /* Sources */,
				6CD79CB22E36488D0029BB9E /* Frameworks */,
				6CD79CB32E36488D0029BB9E /* Resources */,
			);
			buildRules = (
			);
			dependencies = (
			);
			fileSystemSynchronizedGroups = (
				6CD79CB72E36488D0029BB9E /* Midori Desk */,
			);
			name = "Midori Desk";
			packageProductDependencies = (
			);
			productName = "Midori Desk";
			productReference = 6CD79CB52E36488D0029BB9E /* Midori Desk.app */;
			productType = "com.apple.product-type.application";
		};
		6CD79CC52E36488E0029BB9E /* Midori DeskTests */ = {
			isa = PBXNativeTarget;
			buildConfigurationList = 6CD79CDD2E36488E0029BB9E /* Build configuration list for PBXNativeTarget "Midori DeskTests" */;
			buildPhases = (
				6CD79CC22E36488E0029BB9E /* Sources */,
				6CD79CC32E36488E0029BB9E /* Frameworks */,
				6CD79CC42E36488E0029BB9E /* Resources */,
			);
			buildRules = (
			);
			dependencies = (
				6CD79CC82E36488E0029BB9E /* PBXTargetDependency */,
			);
			fileSystemSynchronizedGroups = (
				6CD79CC92E36488E0029BB9E /* Midori DeskTests */,
			);
			name = "Midori DeskTests";
			packageProductDependencies = (
			);
			productName = "Midori DeskTests";
			productReference = 6CD79CC62E36488E0029BB9E /* Midori DeskTests.xctest */;
			productType = "com.apple.product-type.bundle.unit-test";
		};
		6CD79CCF2E36488E0029BB9E /* Midori DeskUITests */ = {
			isa = PBXNativeTarget;
			buildConfigurationList = 6CD79CE02E36488E0029BB9E /* Build configuration list for PBXNativeTarget "Midori DeskUITests" */;
			buildPhases = (
				6CD79CCC2E36488E0029BB9E /* Sources */,
				6CD79CCD2E36488E0029BB9E /* Frameworks */,
				6CD79CCE2E36488E0029BB9E /* Resources */,
			);
			buildRules = (
			);
			dependencies = (
				6CD79CD22E36488E0029BB9E /* PBXTargetDependency */,
			);
			fileSystemSynchronizedGroups = (
				6CD79CD32E36488E0029BB9E /* Midori DeskUITests */,
			);
			name = "Midori DeskUITests";
			packageProductDependencies = (
			);
			productName = "Midori DeskUITests";
			productReference = 6CD79CD02E36488E0029BB9E /* Midori DeskUITests.xctest */;
			productType = "com.apple.product-type.bundle.ui-testing";
		};
/* End PBXNativeTarget section */

/* Begin PBXProject section */
		6CD79CAD2E36488D0029BB9E /* Project object */ = {
			isa = PBXProject;
			attributes = {
				BuildIndependentTargetsInParallel = 1;
				LastSwiftUpdateCheck = 1620;
				LastUpgradeCheck = 1620;
				TargetAttributes = {
					6CD79CB42E36488D0029BB9E = {
						CreatedOnToolsVersion = 16.2;
					};
					6CD79CC52E36488E0029BB9E = {
						CreatedOnToolsVersion = 16.2;
						TestTargetID = 6CD79CB42E36488D0029BB9E;
					};
					6CD79CCF2E36488E0029BB9E = {
						CreatedOnToolsVersion = 16.2;
						TestTargetID = 6CD79CB42E36488D0029BB9E;
					};
				};
			};
			buildConfigurationList = 6CD79CB02E36488D0029BB9E /* Build configuration list for PBXProject "Midori Desk" */;
			developmentRegion = en;
			hasScannedForEncodings = 0;
			knownRegions = (
				en,
				Base,
			);
			mainGroup = 6CD79CAC2E36488D0029BB9E;
			minimizedProjectReferenceProxies = 1;
			preferredProjectObjectVersion = 77;
			productRefGroup = 6CD79CB62E36488D0029BB9E /* Products */;
			projectDirPath = "";
			projectRoot = "";
			targets = (
				6CD79CB42E36488D0029BB9E /* Midori Desk */,
				6CD79CC52E36488E0029BB9E /* Midori DeskTests */,
				6CD79CCF2E36488E0029BB9E /* Midori DeskUITests */,
			);
		};
/* End PBXProject section */

/* Begin PBXResourcesBuildPhase section */
		6CD79CB32E36488D0029BB9E /* Resources */ = {
			isa = PBXResourcesBuildPhase;
			buildActionMask = 2147483647;
			files = (
			);
			runOnlyForDeploymentPostprocessing = 0;
		};
		6CD79CC42E36488E0029BB9E /* Resources */ = {
			isa = PBXResourcesBuildPhase;
			buildActionMask = 2147483647;
			files = (
			);
			runOnlyForDeploymentPostprocessing = 0;
		};
		6CD79CCE2E36488E0029BB9E /* Resources */ = {
			isa = PBXResourcesBuildPhase;
			buildActionMask = 2147483647;
			files = (
			);
			runOnlyForDeploymentPostprocessing = 0;
		};
/* End PBXResourcesBuildPhase section */

/* Begin PBXSourcesBuildPhase section */
		6CD79CB12E36488D0029BB9E /* Sources */ = {
			isa = PBXSourcesBuildPhase;
			buildActionMask = 2147483647;
			files = (
			);
			runOnlyForDeploymentPostprocessing = 0;
		};
		6CD79CC22E36488E0029BB9E /* Sources */ = {
			isa = PBXSourcesBuildPhase;
			buildActionMask = 2147483647;
			files = (
			);
			runOnlyForDeploymentPostprocessing = 0;
		};
		6CD79CCC2E36488E0029BB9E /* Sources */ = {
			isa = PBXSourcesBuildPhase;
			buildActionMask = 2147483647;
			files = (
			);
			runOnlyForDeploymentPostprocessing = 0;
		};
/* End PBXSourcesBuildPhase section */

/* Begin PBXTargetDependency section */
		6CD79CC82E36488E0029BB9E /* PBXTargetDependency */ = {
			isa = PBXTargetDependency;
			target = 6CD79CB42E36488D0029BB9E /* Midori Desk */;
			targetProxy = 6CD79CC72E36488E0029BB9E /* PBXContainerItemProxy */;
		};
		6CD79CD22E36488E0029BB9E /* PBXTargetDependency */ = {
			isa = PBXTargetDependency;
			target = 6CD79CB42E36488D0029BB9E /* Midori Desk */;
			targetProxy = 6CD79CD12E36488E0029BB9E /* PBXContainerItemProxy */;
		};
/* End PBXTargetDependency section */

/* Begin XCBuildConfiguration section */
		6CD79CD82E36488E0029BB9E /* Debug */ = {
			isa = XCBuildConfiguration;
			buildSettings = {
				ALWAYS_SEARCH_USER_PATHS = NO;
				ASSETCATALOG_COMPILER_GENERATE_SWIFT_ASSET_SYMBOL_EXTENSIONS = YES;
				CLANG_ANALYZER_NONNULL = YES;
				CLANG_ANALYZER_NUMBER_OBJECT_CONVERSION = YES_AGGRESSIVE;
				CLANG_CXX_LANGUAGE_STANDARD = "gnu++20";
				CLANG_ENABLE_MODULES = YES;
				CLANG_ENABLE_OBJC_ARC = YES;
				CLANG_ENABLE_OBJC_WEAK = YES;
				CLANG_WARN_BLOCK_CAPTURE_AUTORELEASING = YES;
				CLANG_WARN_BOOL_CONVERSION = YES;
				CLANG_WARN_COMMA = YES;
				CLANG_WARN_CONSTANT_CONVERSION = YES;
				CLANG_WARN_DEPRECATED_OBJC_IMPLEMENTATIONS = YES;
				CLANG_WARN_DIRECT_OBJC_ISA_USAGE = YES_ERROR;
				CLANG_WARN_DOCUMENTATION_COMMENTS = YES;
				CLANG_WARN_EMPTY_BODY = YES;
				CLANG_WARN_ENUM_CONVERSION = YES;
				CLANG_WARN_INFINITE_RECURSION = YES;
				CLANG_WARN_INT_CONVERSION = YES;
				CLANG_WARN_NON_LITERAL_NULL_CONVERSION = YES;
				CLANG_WARN_OBJC_IMPLICIT_RETAIN_SELF = YES;
				CLANG_WARN_OBJC_LITERAL_CONVERSION = YES;
				CLANG_WARN_OBJC_ROOT_CLASS = YES_ERROR;
				CLANG_WARN_QUOTED_INCLUDE_IN_FRAMEWORK_HEADER = YES;
				CLANG_WARN_RANGE_LOOP_ANALYSIS = YES;
				CLANG_WARN_STRICT_PROTOTYPES = YES;
				CLANG_WARN_SUSPICIOUS_MOVE = YES;
				CLANG_WARN_UNGUARDED_AVAILABILITY = YES_AGGRESSIVE;
				CLANG_WARN_UNREACHABLE_CODE = YES;
				CLANG_WARN__DUPLICATE_METHOD_MATCH = YES;
				COPY_PHASE_STRIP = NO;
				DEBUG_INFORMATION_FORMAT = dwarf;
				ENABLE_STRICT_OBJC_MSGSEND = YES;
				ENABLE_TESTABILITY = YES;
				ENABLE_USER_SCRIPT_SANDBOXING = YES;
				GCC_C_LANGUAGE_STANDARD = gnu17;
				GCC_DYNAMIC_NO_PIC = NO;
				GCC_NO_COMMON_BLOCKS = YES;
				GCC_OPTIMIZATION_LEVEL = 0;
				GCC_PREPROCESSOR_DEFINITIONS = (
					"DEBUG=1",
					"$(inherited)",
				);
				GCC_WARN_64_TO_32_BIT_CONVERSION = YES;
				GCC_WARN_ABOUT_RETURN_TYPE = YES_ERROR;
				GCC_WARN_UNDECLARED_SELECTOR = YES;
				GCC_WARN_UNINITIALIZED_AUTOS = YES_AGGRESSIVE;
				GCC_WARN_UNUSED_FUNCTION = YES;
				GCC_WARN_UNUSED_VARIABLE = YES;
				LOCALIZATION_PREFERS_STRING_CATALOGS = YES;
				MACOSX_DEPLOYMENT_TARGET = 15.2;
				MTL_ENABLE_DEBUG_INFO = INCLUDE_SOURCE;
				MTL_FAST_MATH = YES;
				ONLY_ACTIVE_ARCH = YES;
				SDKROOT = macosx;
				SWIFT_ACTIVE_COMPILATION_CONDITIONS = "DEBUG $(inherited)";
				SWIFT_OPTIMIZATION_LEVEL = "-Onone";
			};
			name = Debug;
		};
		6CD79CD92E36488E0029BB9E /* Release */ = {
			isa = XCBuildConfiguration;
			buildSettings = {
				ALWAYS_SEARCH_USER_PATHS = NO;
				ASSETCATALOG_COMPILER_GENERATE_SWIFT_ASSET_SYMBOL_EXTENSIONS = YES;
				CLANG_ANALYZER_NONNULL = YES;
				CLANG_ANALYZER_NUMBER_OBJECT_CONVERSION = YES_AGGRESSIVE;
				CLANG_CXX_LANGUAGE_STANDARD = "gnu++20";
				CLANG_ENABLE_MODULES = YES;
				CLANG_ENABLE_OBJC_ARC = YES;
				CLANG_ENABLE_OBJC_WEAK = YES;
				CLANG_WARN_BLOCK_CAPTURE_AUTORELEASING = YES;
				CLANG_WARN_BOOL_CONVERSION = YES;
				CLANG_WARN_COMMA = YES;
				CLANG_WARN_CONSTANT_CONVERSION = YES;
				CLANG_WARN_DEPRECATED_OBJC_IMPLEMENTATIONS = YES;
				CLANG_WARN_DIRECT_OBJC_ISA_USAGE = YES_ERROR;
				CLANG_WARN_DOCUMENTATION_COMMENTS = YES;
				CLANG_WARN_EMPTY_BODY = YES;
				CLANG_WARN_ENUM_CONVERSION = YES;
				CLANG_WARN_INFINITE_RECURSION = YES;
				CLANG_WARN_INT_CONVERSION = YES;
				CLANG_WARN_NON_LITERAL_NULL_CONVERSION = YES;
				CLANG_WARN_OBJC_IMPLICIT_RETAIN_SELF = YES;
				CLANG_WARN_OBJC_LITERAL_CONVERSION = YES;
				CLANG_WARN_OBJC_ROOT_CLASS = YES_ERROR;
				CLANG_WARN_QUOTED_INCLUDE_IN_FRAMEWORK_HEADER = YES;
				CLANG_WARN_RANGE_LOOP_ANALYSIS = YES;
				CLANG_WARN_STRICT_PROTOTYPES = YES;
				CLANG_WARN_SUSPICIOUS_MOVE = YES;
				CLANG_WARN_UNGUARDED_AVAILABILITY = YES_AGGRESSIVE;
				CLANG_WARN_UNREACHABLE_CODE = YES;
				CLANG_WARN__DUPLICATE_METHOD_MATCH = YES;
				COPY_PHASE_STRIP = NO;
				DEBUG_INFORMATION_FORMAT = "dwarf-with-dsym";
				ENABLE_NS_ASSERTIONS = NO;
				ENABLE_STRICT_OBJC_MSGSEND = YES;
				ENABLE_USER_SCRIPT_SANDBOXING = YES;
				GCC_C_LANGUAGE_STANDARD = gnu17;
				GCC_NO_COMMON_BLOCKS = YES;
				GCC_WARN_64_TO_32_BIT_CONVERSION = YES;
				GCC_WARN_ABOUT_RETURN_TYPE = YES_ERROR;
				GCC_WARN_UNDECLARED_SELECTOR = YES;
				GCC_WARN_UNINITIALIZED_AUTOS = YES_AGGRESSIVE;
				GCC_WARN_UNUSED_FUNCTION = YES;
				GCC_WARN_UNUSED_VARIABLE = YES;
				LOCALIZATION_PREFERS_STRING_CATALOGS = YES;
				MACOSX_DEPLOYMENT_TARGET = 15.2;
				MTL_ENABLE_DEBUG_INFO = NO;
				MTL_FAST_MATH = YES;
				SDKROOT = macosx;
				SWIFT_COMPILATION_MODE = wholemodule;
			};
			name = Release;
		};
		6CD79CDB2E36488E0029BB9E /* Debug */ = {
			isa = XCBuildConfiguration;
			buildSettings = {
				ASSETCATALOG_COMPILER_APPICON_NAME = AppIcon;
				ASSETCATALOG_COMPILER_GLOBAL_ACCENT_COLOR_NAME = AccentColor;
				CODE_SIGN_ENTITLEMENTS = "Midori Desk/Midori_Desk.entitlements";
				CODE_SIGN_STYLE = Automatic;
				COMBINE_HIDPI_IMAGES = YES;
				CURRENT_PROJECT_VERSION = 1;
				DEVELOPMENT_ASSET_PATHS = "\"Midori Desk/Preview Content\"";
				ENABLE_PREVIEWS = YES;
				GENERATE_INFOPLIST_FILE = YES;
				INFOPLIST_KEY_NSHumanReadableCopyright = "";
				LD_RUNPATH_SEARCH_PATHS = (
					"$(inherited)",
					"@executable_path/../Frameworks",
				);
				MARKETING_VERSION = 1.0;
				PRODUCT_BUNDLE_IDENTIFIER = "ZehraGun.Midori-Desk";
				PRODUCT_NAME = "$(TARGET_NAME)";
				SWIFT_EMIT_LOC_STRINGS = YES;
				SWIFT_VERSION = 5.0;
			};
			name = Debug;
		};
		6CD79CDC2E36488E0029BB9E /* Release */ = {
			isa = XCBuildConfiguration;
			buildSettings = {
				ASSETCATALOG_COMPILER_APPICON_NAME = AppIcon;
				ASSETCATALOG_COMPILER_GLOBAL_ACCENT_COLOR_NAME = AccentColor;
				CODE_SIGN_ENTITLEMENTS = "Midori Desk/Midori_Desk.entitlements";
				CODE_SIGN_STYLE = Automatic;
				COMBINE_HIDPI_IMAGES = YES;
				CURRENT_PROJECT_VERSION = 1;
				DEVELOPMENT_ASSET_PATHS = "\"Midori Desk/Preview Content\"";
				ENABLE_PREVIEWS = YES;
				GENERATE_INFOPLIST_FILE = YES;
				INFOPLIST_KEY_NSHumanReadableCopyright = "";
				LD_RUNPATH_SEARCH_PATHS = (
					"$(inherited)",
					"@executable_path/../Frameworks",
				);
				MARKETING_VERSION = 1.0;
				PRODUCT_BUNDLE_IDENTIFIER = "ZehraGun.Midori-Desk";
				PRODUCT_NAME = "$(TARGET_NAME)";
				SWIFT_EMIT_LOC_STRINGS = YES;
				SWIFT_VERSION = 5.0;
			};
			name = Release;
		};
		6CD79CDE2E36488E0029BB9E /* Debug */ = {
			isa = XCBuildConfiguration;
			buildSettings = {
				BUNDLE_LOADER = "$(TEST_HOST)";
				CODE_SIGN_STYLE = Automatic;
				CURRENT_PROJECT_VERSION = 1;
				GENERATE_INFOPLIST_FILE = YES;
				MACOSX_DEPLOYMENT_TARGET = 15.2;
				MARKETING_VERSION = 1.0;
				PRODUCT_BUNDLE_IDENTIFIER = "ZehraGun.Midori-DeskTests";
				PRODUCT_NAME = "$(TARGET_NAME)";
				SWIFT_EMIT_LOC_STRINGS = NO;
				SWIFT_VERSION = 5.0;
				TEST_HOST = "$(BUILT_PRODUCTS_DIR)/Midori Desk.app/$(BUNDLE_EXECUTABLE_FOLDER_PATH)/Midori Desk";
			};
			name = Debug;
		};
		6CD79CDF2E36488E0029BB9E /* Release */ = {
			isa = XCBuildConfiguration;
			buildSettings = {
				BUNDLE_LOADER = "$(TEST_HOST)";
				CODE_SIGN_STYLE = Automatic;
				CURRENT_PROJECT_VERSION = 1;
				GENERATE_INFOPLIST_FILE = YES;
				MACOSX_DEPLOYMENT_TARGET = 15.2;
				MARKETING_VERSION = 1.0;
				PRODUCT_BUNDLE_IDENTIFIER = "ZehraGun.Midori-DeskTests";
				PRODUCT_NAME = "$(TARGET_NAME)";
				SWIFT_EMIT_LOC_STRINGS = NO;
				SWIFT_VERSION = 5.0;
				TEST_HOST = "$(BUILT_PRODUCTS_DIR)/Midori Desk.app/$(BUNDLE_EXECUTABLE_FOLDER_PATH)/Midori Desk";
			};
			name = Release;
		};
		6CD79CE12E36488E0029BB9E /* Debug */ = {
			isa = XCBuildConfiguration;
			buildSettings = {
				CODE_SIGN_STYLE = Automatic;
				CURRENT_PROJECT_VERSION = 1;
				GENERATE_INFOPLIST_FILE = YES;
				MARKETING_VERSION = 1.0;
				PRODUCT_BUNDLE_IDENTIFIER = "ZehraGun.Midori-DeskUITests";
				PRODUCT_NAME = "$(TARGET_NAME)";
				SWIFT_EMIT_LOC_STRINGS = NO;
				SWIFT_VERSION = 5.0;
				TEST_TARGET_NAME = "Midori Desk";
			};
			name = Debug;
		};
		6CD79CE22E36488E0029BB9E /* Release */ = {
			isa = XCBuildConfiguration;
			buildSettings = {
				CODE_SIGN_STYLE = Automatic;
				CURRENT_PROJECT_VERSION = 1;
				GENERATE_INFOPLIST_FILE = YES;
				MARKETING_VERSION = 1.0;
				PRODUCT_BUNDLE_IDENTIFIER = "ZehraGun.Midori-DeskUITests";
				PRODUCT_NAME = "$(TARGET_NAME)";
				SWIFT_EMIT_LOC_STRINGS = NO;
				SWIFT_VERSION = 5.0;
				TEST_TARGET_NAME = "Midori Desk";
			};
			name = Release;
		};
/* End XCBuildConfiguration section */

/* Begin XCConfigurationList section */
		6CD79CB02E36488D0029BB9E /* Build configuration list for PBXProject "Midori Desk" */ = {
			isa = XCConfigurationList;
			buildConfigurations = (
				6CD79CD82E36488E0029BB9E /* Debug */,
				6CD79CD92E36488E0029BB9E /* Release */,
			);
			defaultConfigurationIsVisible = 0;
			defaultConfigurationName = Release;
		};
		6CD79CDA2E36488E0029BB9E /* Build configuration list for PBXNativeTarget "Midori Desk" */ = {
			isa = XCConfigurationList;
			buildConfigurations = (
				6CD79CDB2E36488E0029BB9E /* Debug */,
				6CD79CDC2E36488E0029BB9E /* Release */,
			);
			defaultConfigurationIsVisible = 0;
			defaultConfigurationName = Release;
		};
		6CD79CDD2E36488E0029BB9E /* Build configuration list for PBXNativeTarget "Midori DeskTests" */ = {
			isa = XCConfigurationList;
			buildConfigurations = (
				6CD79CDE2E36488E0029BB9E /* Debug */,
				6CD79CDF2E36488E0029BB9E /* Release */,
			);
			defaultConfigurationIsVisible = 0;
			defaultConfigurationName = Release;
		};
		6CD79CE02E36488E0029BB9E /* Build configuration list for PBXNativeTarget "Midori DeskUITests" */ = {
			isa = XCConfigurationList;
			buildConfigurations = (
				6CD79CE12E36488E0029BB9E /* Debug */,
				6CD79CE22E36488E0029BB9E /* Release */,
			);
			defaultConfigurationIsVisible = 0;
			defaultConfigurationName = Release;
		};
/* End XCConfigurationList section */
	};
	rootObject = 6CD79CAD2E36488D0029BB9E /* Project object */;
}
